
Microsoft Visual Studio Solution File, Format Version 12.00
# Visual Studio Version 17
VisualStudioVersion = 17.11.35327.3
MinimumVisualStudioVersion = 10.0.40219.1
Project("{FAE04EC0-301F-11D3-BF4B-00C04F79EFBC}") = "Paven_Darius_Lab2", "Paven_Darius_Lab2.csproj", "{8493F97A-5D91-4DC1-9EF3-C839708C874E}"
EndProject
Global
	GlobalSection(SolutionConfigurationPlatforms) = preSolution
		Debug|Any CPU = Debug|Any CPU
		Release|Any CPU = Release|Any CPU
	EndGlobalSection
	GlobalSection(ProjectConfigurationPlatforms) = postSolution
		{8493F97A-5D91-4DC1-9EF3-C839708C874E}.Debug|Any CPU.ActiveCfg = Debug|Any CPU
		{8493F97A-5D91-4DC1-9EF3-C839708C874E}.Debug|Any CPU.Build.0 = Debug|Any CPU
		{8493F97A-5D91-4DC1-9EF3-C839708C874E}.Release|Any CPU.ActiveCfg = Release|Any CPU
		{8493F97A-5D91-4DC1-9EF3-C839708C874E}.Release|Any CPU.Build.0 = Release|Any CPU
	EndGlobalSection
	GlobalSection(SolutionProperties) = preSolution
		HideSolutionNode = FALSE
	EndGlobalSection
	GlobalSection(ExtensibilityGlobals) = postSolution
		SolutionGuid = {390A2659-7C8C-4E9C-B34B-4AA09FF88C76}
	EndGlobalSection
EndGlobal
